
Microsoft Visual Studio Solution File, Format Version 12.00
# Visual Studio 15
VisualStudioVersion = 15.0.26730.16
MinimumVisualStudioVersion = 10.0.40219.1
Project("{D2ABAB84-BF74-430A-B69E-9DC6D40DDA17}") = "Thiago Domenico Second Assignment", "Thiago Domenico Second Assignment\Thiago Domenico Second Assignment.dwproj", "{BD27485C-A4AE-4661-B6A7-D4E10F9AF1C1}"
EndProject
Global
	GlobalSection(SolutionConfigurationPlatforms) = preSolution
		Development|Default = Development|Default
	EndGlobalSection
	GlobalSection(ProjectConfigurationPlatforms) = postSolution
		{BD27485C-A4AE-4661-B6A7-D4E10F9AF1C1}.Development|Default.ActiveCfg = Development
		{BD27485C-A4AE-4661-B6A7-D4E10F9AF1C1}.Development|Default.Build.0 = Development
		{BD27485C-A4AE-4661-B6A7-D4E10F9AF1C1}.Development|Default.Deploy.0 = Development
	EndGlobalSection
	GlobalSection(SolutionProperties) = preSolution
		HideSolutionNode = FALSE
	EndGlobalSection
	GlobalSection(ExtensibilityGlobals) = postSolution
		SolutionGuid = {07143952-699E-41ED-BB48-D757018A3CFF}
	EndGlobalSection
EndGlobal
